
Microsoft Visual Studio Solution File, Format Version 12.00
# Visual Studio for Mac
Project("{FAE04EC0-301F-11D3-BF4B-00C04F79EFBC}") = "Assembly-CSharp", "Assembly-CSharp.csproj", "{ACB841C3-636F-4965-13EF-0DDBB8912724}"
EndProject
Project("{FAE04EC0-301F-11D3-BF4B-00C04F79EFBC}") = "Assembly-CSharp-Editor", "Assembly-CSharp-Editor.csproj", "{8E3C682A-9BB5-ECD0-D7A5-9BE45FCEE8AA}"
EndProject
Global
	GlobalSection(SolutionConfigurationPlatforms) = preSolution
		Debug|Any CPU = Debug|Any CPU
		Release|Any CPU = Release|Any CPU
	EndGlobalSection
	GlobalSection(ProjectConfigurationPlatforms) = postSolution
		{ACB841C3-636F-4965-13EF-0DDBB8912724}.Debug|Any CPU.ActiveCfg = Debug|Any CPU
		{ACB841C3-636F-4965-13EF-0DDBB8912724}.Debug|Any CPU.Build.0 = Debug|Any CPU
		{ACB841C3-636F-4965-13EF-0DDBB8912724}.Release|Any CPU.ActiveCfg = Release|Any CPU
		{ACB841C3-636F-4965-13EF-0DDBB8912724}.Release|Any CPU.Build.0 = Release|Any CPU
		{8E3C682A-9BB5-ECD0-D7A5-9BE45FCEE8AA}.Debug|Any CPU.ActiveCfg = Debug|Any CPU
		{8E3C682A-9BB5-ECD0-D7A5-9BE45FCEE8AA}.Debug|Any CPU.Build.0 = Debug|Any CPU
		{8E3C682A-9BB5-ECD0-D7A5-9BE45FCEE8AA}.Release|Any CPU.ActiveCfg = Release|Any CPU
		{8E3C682A-9BB5-ECD0-D7A5-9BE45FCEE8AA}.Release|Any CPU.Build.0 = Release|Any CPU
	EndGlobalSection
	GlobalSection(SolutionProperties) = preSolution
		HideSolutionNode = FALSE
	EndGlobalSection
EndGlobal
